
Microsoft Visual Studio Solution File, Format Version 12.00
# Visual Studio Version 17
VisualStudioVersion = 17.2.32616.157
MinimumVisualStudioVersion = 10.0.40219.1
Project("{FAE04EC0-301F-11D3-BF4B-00C04F79EFBC}") = "2_MatchGame", "2_MatchGame\2_MatchGame.csproj", "{D76EF2ED-2E4C-4E01-BC35-88DCFCEC2D32}"
EndProject
Global
	GlobalSection(SolutionConfigurationPlatforms) = preSolution
		Debug|Any CPU = Debug|Any CPU
		Release|Any CPU = Release|Any CPU
	EndGlobalSection
	GlobalSection(ProjectConfigurationPlatforms) = postSolution
		{D76EF2ED-2E4C-4E01-BC35-88DCFCEC2D32}.Debug|Any CPU.ActiveCfg = Debug|Any CPU
		{D76EF2ED-2E4C-4E01-BC35-88DCFCEC2D32}.Debug|Any CPU.Build.0 = Debug|Any CPU
		{D76EF2ED-2E4C-4E01-BC35-88DCFCEC2D32}.Release|Any CPU.ActiveCfg = Release|Any CPU
		{D76EF2ED-2E4C-4E01-BC35-88DCFCEC2D32}.Release|Any CPU.Build.0 = Release|Any CPU
	EndGlobalSection
	GlobalSection(SolutionProperties) = preSolution
		HideSolutionNode = FALSE
	EndGlobalSection
	GlobalSection(ExtensibilityGlobals) = postSolution
		SolutionGuid = {3DCCBA70-A6D9-4E84-9C7E-56884DCA7286}
	EndGlobalSection
EndGlobal
